{
  "version": 4,
  "terraform_version": "1.9.8",
  "serial": 2,
  "lineage": "cfc342b1-427f-40bf-e6f6-098059914304",
  "outputs": {
    "instance_ip": {
      "value": "34.57.152.165",
      "type": "string"
    }
  },
  "resources": [
    {
      "mode": "managed",
      "type": "google_compute_instance",
      "name": "app_server",
      "provider": "provider[\"registry.terraform.io/hashicorp/google\"]",
      "instances": [
        {
          "schema_version": 6,
          "attributes": {
            "advanced_machine_features": [],
            "allow_stopping_for_update": null,
            "attached_disk": [],
            "boot_disk": [
              {
                "auto_delete": true,
                "device_name": "persistent-disk-0",
                "disk_encryption_key_raw": "",
                "disk_encryption_key_sha256": "",
                "initialize_params": [
                  {
                    "enable_confidential_compute": false,
                    "image": "https://www.googleapis.com/compute/v1/projects/ubuntu-os-cloud/global/images/ubuntu-2204-jammy-v20240927",
                    "labels": {},
                    "provisioned_iops": 0,
                    "provisioned_throughput": 0,
                    "resource_manager_tags": null,
                    "resource_policies": [],
                    "size": 10,
                    "storage_pool": "",
                    "type": "pd-standard"
                  }
                ],
                "interface": "",
                "kms_key_self_link": "",
                "mode": "READ_WRITE",
                "source": "https://www.googleapis.com/compute/v1/projects/acquired-rite-440014-v4/zones/us-central1-a/disks/my-ecommerce-app"
              }
            ],
            "can_ip_forward": false,
            "confidential_instance_config": [],
            "cpu_platform": "Intel Broadwell",
            "creation_timestamp": "2024-10-29T06:24:55.428-07:00",
            "current_status": "RUNNING",
            "deletion_protection": false,
            "description": "",
            "desired_status": null,
            "effective_labels": {
              "goog-terraform-provisioned": "true"
            },
            "enable_display": false,
            "guest_accelerator": [],
            "hostname": "",
            "id": "projects/acquired-rite-440014-v4/zones/us-central1-a/instances/my-ecommerce-app",
            "instance_id": "8854886493333576905",
            "key_revocation_action_type": "",
            "label_fingerprint": "vezUS-42LLM=",
            "labels": null,
            "machine_type": "e2-medium",
            "metadata": {
              "ssh-keys": "immah:ssh-rsa AAAAB3NzaC1yc2EAAAADAQABAAABgQCuCKsidFtqN7NHcA3ZXFOBS8kNpCojM9Tz5occsJH6/ITEl0HJPw3BkqW+Yp0ajPDrzy3p4iE4BBlCeyZ2xzVnJ3EQKcRtwwZI1kQnsnhStLs+7oDiAnYQyLTHV/voJNoBoDGNzU8khima3djKAfzbWv24heMBb3T6cQqyBTZQuzXP63sYBYEvTpm7sY3F4SBltPaXFtydLSXeipl7MzWwYI8jWr7KFNcx0/TuRXcZ5ZJtne8lsmNawZkY2WHYcF2e8O+wcz2ygEuKyi7D+ecKnGICndnL3QyNXk9DUNDZcWawaVT1CpwhpH1RZqzuUZvRBu1ROAOCfrTYGmIUkCksSzLqCrgcqDX/xOak5qT3Gtoz5GKYpg/hAXdVj1sxJdOM0rSsbYBN6dtWeoXfXwp/FNBFNJJED0CcLUFRc8Vol2diGLTlhdfRHFIa/60bU6WMyiuNxLIuVWlKSiT/jv7B+DevQmsx8rZoQgMw0aMPYsmADTfZ4JAf0nQSMbwCEhU= emmanuelterah98\n"
            },
            "metadata_fingerprint": "LgLmU980uBM=",
            "metadata_startup_script": null,
            "min_cpu_platform": "",
            "name": "my-ecommerce-app",
            "network_interface": [
              {
                "access_config": [
                  {
                    "nat_ip": "34.57.152.165",
                    "network_tier": "PREMIUM",
                    "public_ptr_domain_name": ""
                  }
                ],
                "alias_ip_range": [],
                "internal_ipv6_prefix_length": 0,
                "ipv6_access_config": [],
                "ipv6_access_type": "",
                "ipv6_address": "",
                "name": "nic0",
                "network": "https://www.googleapis.com/compute/v1/projects/acquired-rite-440014-v4/global/networks/default",
                "network_ip": "10.128.0.14",
                "nic_type": "",
                "queue_count": 0,
                "stack_type": "IPV4_ONLY",
                "subnetwork": "https://www.googleapis.com/compute/v1/projects/acquired-rite-440014-v4/regions/us-central1/subnetworks/default",
                "subnetwork_project": "acquired-rite-440014-v4"
              }
            ],
            "network_performance_config": [],
            "params": [],
            "project": "acquired-rite-440014-v4",
            "reservation_affinity": [],
            "resource_policies": null,
            "scheduling": [
              {
                "automatic_restart": true,
                "instance_termination_action": "",
                "local_ssd_recovery_timeout": [],
                "max_run_duration": [],
                "min_node_cpus": 0,
                "node_affinities": [],
                "on_host_maintenance": "MIGRATE",
                "on_instance_stop_action": [],
                "preemptible": false,
                "provisioning_model": "STANDARD"
              }
            ],
            "scratch_disk": [],
            "self_link": "https://www.googleapis.com/compute/v1/projects/acquired-rite-440014-v4/zones/us-central1-a/instances/my-ecommerce-app",
            "service_account": [],
            "shielded_instance_config": [
              {
                "enable_integrity_monitoring": true,
                "enable_secure_boot": false,
                "enable_vtpm": true
              }
            ],
            "tags": null,
            "tags_fingerprint": "42WmSpB8rSM=",
            "terraform_labels": {
              "goog-terraform-provisioned": "true"
            },
            "timeouts": null,
            "zone": "us-central1-a"
          },
          "sensitive_attributes": [
            [
              {
                "type": "get_attr",
                "value": "boot_disk"
              },
              {
                "type": "index",
                "value": {
                  "value": 0,
                  "type": "number"
                }
              },
              {
                "type": "get_attr",
                "value": "disk_encryption_key_raw"
              }
            ]
          ],
          "private": "eyJlMmJmYjczMC1lY2FhLTExZTYtOGY4OC0zNDM2M2JjN2M0YzAiOnsiY3JlYXRlIjoxMjAwMDAwMDAwMDAwLCJkZWxldGUiOjEyMDAwMDAwMDAwMDAsInVwZGF0ZSI6MTIwMDAwMDAwMDAwMH0sInNjaGVtYV92ZXJzaW9uIjoiNiJ9"
        }
      ]
    }
  ],
  "check_results": null
}
